
Microsoft Visual Studio Solution File, Format Version 12.00
# Visual Studio Version 17
VisualStudioVersion = 17.5.33530.505
MinimumVisualStudioVersion = 10.0.40219.1
Project("{FAE04EC0-301F-11D3-BF4B-00C04F79EFBC}") = "Mini project2", "Mini project2\Mini project2.csproj", "{45C003D3-A700-4205-906A-9F9C44B66C98}"
EndProject
Global
	GlobalSection(SolutionConfigurationPlatforms) = preSolution
		Debug|Any CPU = Debug|Any CPU
		Release|Any CPU = Release|Any CPU
	EndGlobalSection
	GlobalSection(ProjectConfigurationPlatforms) = postSolution
		{45C003D3-A700-4205-906A-9F9C44B66C98}.Debug|Any CPU.ActiveCfg = Debug|Any CPU
		{45C003D3-A700-4205-906A-9F9C44B66C98}.Debug|Any CPU.Build.0 = Debug|Any CPU
		{45C003D3-A700-4205-906A-9F9C44B66C98}.Release|Any CPU.ActiveCfg = Release|Any CPU
		{45C003D3-A700-4205-906A-9F9C44B66C98}.Release|Any CPU.Build.0 = Release|Any CPU
	EndGlobalSection
	GlobalSection(SolutionProperties) = preSolution
		HideSolutionNode = FALSE
	EndGlobalSection
	GlobalSection(ExtensibilityGlobals) = postSolution
		SolutionGuid = {C9C51540-2836-4E5A-AE4E-6FDCCE215BC2}
	EndGlobalSection
EndGlobal
